
Microsoft Visual Studio Solution File, Format Version 12.00
# Visual Studio Version 17
VisualStudioVersion = 17.4.33205.214
MinimumVisualStudioVersion = 10.0.40219.1
Project("{888888A0-9F3D-457C-B088-3A5042F75D52}") = "Tkinter_Tar", "Tkinter_Tar.pyproj", "{CEBC88F2-71D0-48A1-A33E-CD02E9E1B971}"
EndProject
Global
	GlobalSection(SolutionConfigurationPlatforms) = preSolution
		Debug|Any CPU = Debug|Any CPU
		Release|Any CPU = Release|Any CPU
	EndGlobalSection
	GlobalSection(ProjectConfigurationPlatforms) = postSolution
		{CEBC88F2-71D0-48A1-A33E-CD02E9E1B971}.Debug|Any CPU.ActiveCfg = Debug|Any CPU
		{CEBC88F2-71D0-48A1-A33E-CD02E9E1B971}.Release|Any CPU.ActiveCfg = Release|Any CPU
	EndGlobalSection
	GlobalSection(SolutionProperties) = preSolution
		HideSolutionNode = FALSE
	EndGlobalSection
	GlobalSection(ExtensibilityGlobals) = postSolution
		SolutionGuid = {0958B0E9-BB4D-4609-8796-14B833FBDC6D}
	EndGlobalSection
EndGlobal
